# This file is automatically @generated by Cargo.
# It is not intended for manual editing.
version = 4

[[package]]
name = "bitflags"
version = "2.13.1"
source = "registry+https://github.com/rust-lang/crates.io-index"
checksum = "b588b76d00fde79687d7646a9b5bdf3cc0f655e0bbd080335a95d7e96f3587da"

[[package]]
name = "cfg-if"
version = "1.0.4"
source = "registry+https://github.com/rust-lang/crates.io-index"
checksum = "9330f8b2ff13f34540b44e946ef35111825727b38d33286ef986142615121801"

[[package]]
name = "crc32fast"
version = "1.5.1"
source = "registry+https://github.com/rust-lang/crates.io-index"
checksum = "8498c871161e1742aaa9d52551b2d6ebdd4c3d45a3be423e3728f33b955be550"
dependencies = [
 "cfg-if",
]

[[package]]
name = "io-uring"
version = "0.7.15"
source = "registry+https://github.com/rust-lang/crates.io-index"
checksum = "ed3bd0ecfbb87805f538bb7b32e5239ca0763890c623e349860ecba69469f2bb"
dependencies = [
 "bitflags",
 "cfg-if",
 "libc",
]

[[package]]
name = "libc"
version = "0.2.189"
source = "registry+https://github.com/rust-lang/crates.io-index"
checksum = "3eaf3ede3fee6db1a4c2ee091bf8a8b4dccdc6d17f656fb07896ee72867612f2"

[[package]]
name = "rti-buffer"
version = "0.6.0"

[[package]]
name = "rti-core"
version = "0.6.0"

[[package]]
name = "rti-db"
version = "0.6.0"
dependencies = [
 "rti-buffer",
 "rti-core",
 "rti-mem",
 "rti-query",
 "rti-store",
 "rti-wal",
]

[[package]]
name = "rti-edge"
version = "0.6.0"
dependencies = [
 "rti-core",
 "rti-db",
 "rti-query",
 "rti-raft",
 "rti-store",
 "rti-wal",
]

[[package]]
name = "rti-mem"
version = "0.1.0"

[[package]]
name = "rti-net"
version = "0.6.0"
dependencies = [
 "rti-core",
 "rti-db",
 "rti-query",
]

[[package]]
name = "rti-query"
version = "0.6.0"
dependencies = [
 "rti-core",
]

[[package]]
name = "rti-raft"
version = "0.6.0"
dependencies = [
 "rti-core",
 "rti-wal",
]

[[package]]
name = "rti-store"
version = "0.6.0"
dependencies = [
 "crc32fast",
 "rti-core",
 "rti-mem",
]

[[package]]
name = "rti-wal"
version = "0.6.0"
dependencies = [
 "crc32fast",
 "rti-core",
 "rti-wal-uring",
]

[[package]]
name = "rti-wal-uring"
version = "0.6.0"
dependencies = [
 "io-uring",
]
