# This file is automatically @generated by Cargo.
# It is not intended for manual editing.
version = 4

[[package]]
name = "cfg-if"
version = "1.0.5"
source = "registry+https://github.com/rust-lang/crates.io-index"
checksum = "4e7648175b45a9a48536d676f68d918270699102aa8dab5496df06904c914600"

[[package]]
name = "crc32fast"
version = "1.5.2"
source = "registry+https://github.com/rust-lang/crates.io-index"
checksum = "01a7799fd6b852db0e61728dde9a204c423b44d689dbd432522543614b490e78"
dependencies = [
 "cfg-if",
]

[[package]]
name = "robot-server"
version = "0.1.0"
dependencies = [
 "rti-db",
]

[[package]]
name = "rti-buffer"
version = "0.8.0"

[[package]]
name = "rti-core"
version = "0.8.0"

[[package]]
name = "rti-db"
version = "0.8.0"
dependencies = [
 "rti-buffer",
 "rti-core",
 "rti-mem",
 "rti-query",
 "rti-store",
 "rti-wal",
]

[[package]]
name = "rti-mem"
version = "0.8.0"

[[package]]
name = "rti-query"
version = "0.8.1"
dependencies = [
 "rti-core",
]

[[package]]
name = "rti-store"
version = "0.8.0"
dependencies = [
 "crc32fast",
 "rti-core",
 "rti-mem",
]

[[package]]
name = "rti-wal"
version = "0.8.0"
dependencies = [
 "crc32fast",
 "rti-core",
]
